<?xml version="1.0" encoding="UTF-8"?>
<Scheme
   version = "1.3">
   <BuildAction>
      <BuildActionEntries>
         <BuildActionEntry
            buildForRunning = "YES">
            <BuildableReference
               BuildableIdentifier = "primary"
               BlueprintIdentifier = "ADB0DFF822AFA6090030352D"
               BuildableName = "Dicee-iOS13.app"
               BlueprintName = "Dicee-iOS13"
               ReferencedContainer = "container:Dicee-iOS13.xcodeproj">
            </BuildableReference>
         </BuildActionEntry>
      </BuildActionEntries>
   </BuildAction>
   <LaunchAction
      useCustomWorkingDirectory = "NO"
      buildConfiguration = "Debug"
      allowLocationSimulation = "YES">
      <BuildableProductRunnable>
         <BuildableReference
            BuildableIdentifier = "primary"
            BlueprintIdentifier = "ADB0DFF822AFA6090030352D"
            BuildableName = "Dicee-iOS13.app"
            BlueprintName = "Dicee-iOS13"
            ReferencedContainer = "container:Dicee-iOS13.xcodeproj">
         </BuildableReference>
      </BuildableProductRunnable>
   </LaunchAction>
</Scheme>
